
Microsoft Visual Studio Solution File, Format Version 12.00
# Visual Studio Version 16
VisualStudioVersion = 16.0.33027.164
MinimumVisualStudioVersion = 10.0.40219.1
Project("{FAE04EC0-301F-11D3-BF4B-00C04F79EFBC}") = "PP21", "PP21\PP21.csproj", "{C8E66D70-729A-41CB-A486-E4B27CD5E919}"
EndProject
Global
	GlobalSection(SolutionConfigurationPlatforms) = preSolution
		Debug|Any CPU = Debug|Any CPU
		Release|Any CPU = Release|Any CPU
	EndGlobalSection
	GlobalSection(ProjectConfigurationPlatforms) = postSolution
		{C8E66D70-729A-41CB-A486-E4B27CD5E919}.Debug|Any CPU.ActiveCfg = Debug|Any CPU
		{C8E66D70-729A-41CB-A486-E4B27CD5E919}.Debug|Any CPU.Build.0 = Debug|Any CPU
		{C8E66D70-729A-41CB-A486-E4B27CD5E919}.Release|Any CPU.ActiveCfg = Release|Any CPU
		{C8E66D70-729A-41CB-A486-E4B27CD5E919}.Release|Any CPU.Build.0 = Release|Any CPU
	EndGlobalSection
	GlobalSection(SolutionProperties) = preSolution
		HideSolutionNode = FALSE
	EndGlobalSection
	GlobalSection(ExtensibilityGlobals) = postSolution
		SolutionGuid = {273A748C-8B9F-4462-8F35-E29663275735}
	EndGlobalSection
EndGlobal
